<Project xmlns="http://schemas.microsoft.com/developer/msbuild/2003">
    <PropertyGroup>
        <ProjectGuid>{AF11C2D8-D4C4-48C9-9A7C-D36A72CD03A0}</ProjectGuid>
        <MainSource>TestUploader.dpr</MainSource>
        <Base>True</Base>
        <Config Condition="'$(Config)'==''">Debug</Config>
        <TargetedPlatforms>1</TargetedPlatforms>
        <AppType>Application</AppType>
        <FrameworkType>VCL</FrameworkType>
        <ProjectVersion>14.4</ProjectVersion>
        <Platform Condition="'$(Platform)'==''">Win32</Platform>
    </PropertyGroup>
    <PropertyGroup Condition="'$(Config)'=='Base' or '$(Base)'!=''">
        <Base>true</Base>
    </PropertyGroup>
    <PropertyGroup Condition="('$(Platform)'=='Win32' and '$(Base)'=='true') or '$(Base_Win32)'!=''">
        <Base_Win32>true</Base_Win32>
        <CfgParent>Base</CfgParent>
        <Base>true</Base>
    </PropertyGroup>
    <PropertyGroup Condition="('$(Platform)'=='Win64' and '$(Base)'=='true') or '$(Base_Win64)'!=''">
        <Base_Win64>true</Base_Win64>
        <CfgParent>Base</CfgParent>
        <Base>true</Base>
    </PropertyGroup>
    <PropertyGroup Condition="'$(Config)'=='Release' or '$(Cfg_1)'!=''">
        <Cfg_1>true</Cfg_1>
        <CfgParent>Base</CfgParent>
        <Base>true</Base>
    </PropertyGroup>
    <PropertyGroup Condition="('$(Platform)'=='Win32' and '$(Cfg_1)'=='true') or '$(Cfg_1_Win32)'!=''">
        <Cfg_1_Win32>true</Cfg_1_Win32>
        <CfgParent>Cfg_1</CfgParent>
        <Cfg_1>true</Cfg_1>
        <Base>true</Base>
    </PropertyGroup>
    <PropertyGroup Condition="'$(Config)'=='Debug' or '$(Cfg_2)'!=''">
        <Cfg_2>true</Cfg_2>
        <CfgParent>Base</CfgParent>
        <Base>true</Base>
    </PropertyGroup>
    <PropertyGroup Condition="('$(Platform)'=='Win32' and '$(Cfg_2)'=='true') or '$(Cfg_2_Win32)'!=''">
        <Cfg_2_Win32>true</Cfg_2_Win32>
        <CfgParent>Cfg_2</CfgParent>
        <Cfg_2>true</Cfg_2>
        <Base>true</Base>
    </PropertyGroup>
    <PropertyGroup Condition="'$(Base)'!=''">
        <Manifest_File>None</Manifest_File>
        <Icon_MainIcon>TestUploader_Icon.ico</Icon_MainIcon>
        <DCC_E>false</DCC_E>
        <DCC_K>false</DCC_K>
        <DCC_SymbolReferenceInfo>1</DCC_SymbolReferenceInfo>
        <DCC_ImageBase>00400000</DCC_ImageBase>
        <DCC_Namespace>Vcl;Vcl.Imaging;Vcl.Touch;Vcl.Samples;Vcl.Shell;System;Xml;Data;Datasnap;Web;Soap;Winapi;$(DCC_Namespace)</DCC_Namespace>
        <DCC_N>true</DCC_N>
        <VerInfo_Keys>CompanyName=;FileDescription=;FileVersion=1.0.0.0;InternalName=;LegalCopyright=;LegalTrademarks=;OriginalFilename=;ProductName=;ProductVersion=1.0.0.0;Comments=</VerInfo_Keys>
        <DCC_S>false</DCC_S>
        <VerInfo_Locale>1049</VerInfo_Locale>
        <DCC_F>false</DCC_F>
        <DCC_UsePackage>vcl;rtl;vclx;indy;inet;xmlrtl;vclie;inetdbbde;inetdbxpress;dbrtl;dsnap;dsnapcon;vcldb;soaprtl;VclSmp;dbexpress;dbxcds;inetdb;bdertl;vcldbx;webdsnap;websnap;adortl;ibxpress;teeui;teedb;tee;dss;visualclx;visualdbclx;vclactnband;vclshlctrls;dclOfficeXP;dxCoreD7;dxGDIPlusD7;cxLibraryD7;cxPageControlD7;cxEditorsD7;dxBarD7;dxBarDBNavD7;dxBarExtDBItemsD7;dxBarExtItemsD7;dxRibbonD7;dxTabbedMDID7;dxLayoutControlD7;cxSchedulerD7;dxThemeD7;cxTreeListD7;cxGridD7;cxVerticalGridD7;dxmdsD7;dxSpellCheckerD7;cxSpreadSheetD7;dxDockingD7;dxNavBarD7;dcldxSkinsCoreD7;dxSkinsCoreD7;dxSkinBlackD7;dxSkinBlueD7;dxSkinBlueprintD7;dxSkinCaramelD7;dxSkinCoffeeD7;dxSkinDarkRoomD7;dxSkinDarkSideD7;dxSkinDevExpressDarkStyleD7;dxSkinDevExpressStyleD7;dxSkinFoggyD7;dxSkinGlassOceansD7;dxSkinHighContrastD7;dxSkiniMaginaryD7;dxSkinLilianD7;dxSkinLiquidSkyD7;dxSkinLondonLiquidSkyD7;dxSkinMcSkinD7;dxSkinMoneyTwinsD7;dxSkinOffice2007BlackD7;dxSkinOffice2007BlueD7;dxSkinOffice2007GreenD7;dxSkinOffice2007PinkD7;dxSkinOffice2007SilverD7;dxSkinOffice2010BlackD7;dxSkinOffice2010BlueD7;dxSkinOffice2010SilverD7;dxSkinPumpkinD7;dxSkinSevenClassicD7;dxSkinSevenD7;dxSkinSharpD7;dxSkinSharpPlusD7;dxSkinSilverD7;dxSkinSpringTimeD7;dxSkinStardustD7;dxSkinSummer2008D7;dxSkinTheAsphaltWorldD7;dxSkinValentineD7;dxSkinVS2010D7;dxSkinWhiteprintD7;dxSkinXmas2008BlueD7;dxComnD7;dxPSCoreD7;dxPSTeeChartD7;dxPSLnksD7;dxPSDBTeeChartD7;dxPScxPCProdD7;cxPivotGridD7;cxPivotGridOLAPD7;dxdbtrD7;dxtrmdD7;dxorgcD7;dxdborD7;dxFlowChartD7;cxPageControldxBarPopupMenuD7;cxBarEditItemD7;cxSchedulerGridD7;cxTreeListdxBarPopupMenuD7;dxSkinscxPCPainterD7;dxSkinscxSchedulerPainterD7;dxSkinsdxBarPainterD7;dxSkinsdxNavBarPainterD7;dxSkinsdxRibbonPainterD7;dxSkinsdxDLPainterD7;dxPScxCommonD7;dxPScxExtCommonD7;dxPSdxLCLnkD7;dxPScxPivotGridLnkD7;dxPScxSchedulerLnkD7;dxPScxSSLnkD7;dxPScxTLLnkD7;dxPScxVGridLnkD7;dxPSdxDBOCLnkD7;dxPSdxDBTVLnkD7;dxPSdxFCLnkD7;dxPScxGridLnkD7;dxPSdxOCLnkD7;dxPsPrVwAdvD7;dxPSPrVwRibbonD7;cxPivotGridChartD7;fs7;fsADO7;fsBDE7;fsDB7;fsTee7;$(DCC_UsePackage)</DCC_UsePackage>
    </PropertyGroup>
    <PropertyGroup Condition="'$(Base_Win32)'!=''">
        <Manifest_File>$(BDS)\bin\default_app.manifest</Manifest_File>
        <DCC_Namespace>System.Win;Data.Win;Datasnap.Win;Web.Win;Soap.Win;Xml.Win;Bde;$(DCC_Namespace)</DCC_Namespace>
        <VerInfo_Locale>1033</VerInfo_Locale>
        <VerInfo_IncludeVerInfo>true</VerInfo_IncludeVerInfo>
    </PropertyGroup>
    <PropertyGroup Condition="'$(Base_Win64)'!=''">
        <Icon_MainIcon>ProjTestUploader_Icon.ico</Icon_MainIcon>
    </PropertyGroup>
    <PropertyGroup Condition="'$(Cfg_1)'!=''">
        <DCC_LocalDebugSymbols>false</DCC_LocalDebugSymbols>
        <DCC_SymbolReferenceInfo>0</DCC_SymbolReferenceInfo>
        <DCC_Define>RELEASE;$(DCC_Define)</DCC_Define>
        <DCC_DebugInformation>false</DCC_DebugInformation>
    </PropertyGroup>
    <PropertyGroup Condition="'$(Cfg_1_Win32)'!=''">
        <Manifest_File>$(BDS)\bin\default_app.manifest</Manifest_File>
        <VerInfo_IncludeVerInfo>true</VerInfo_IncludeVerInfo>
        <VerInfo_Locale>1033</VerInfo_Locale>
    </PropertyGroup>
    <PropertyGroup Condition="'$(Cfg_2)'!=''">
        <DCC_GenerateStackFrames>true</DCC_GenerateStackFrames>
        <DCC_Optimize>false</DCC_Optimize>
        <DCC_Define>DEBUG;$(DCC_Define)</DCC_Define>
    </PropertyGroup>
    <PropertyGroup Condition="'$(Cfg_2_Win32)'!=''">
        <Manifest_File>$(BDS)\bin\default_app.manifest</Manifest_File>
        <VerInfo_Keys>CompanyName=MajorAuto;FileDescription=;FileVersion=1.0.0.0;InternalName=Kovalenko;LegalCopyright=Kovalenko Igor IT Team A Major Auto;LegalTrademarks=MajorAuto;OriginalFilename=For TestBuilds;ProductName=For TestBuilds MajorAuto ;ProductVersion=1.0.0.0;Comments=Приложение  для выкладывания файлов на тестирование</VerInfo_Keys>
        <VerInfo_IncludeVerInfo>true</VerInfo_IncludeVerInfo>
        <VerInfo_Locale>1033</VerInfo_Locale>
    </PropertyGroup>
    <ItemGroup>
        <DelphiCompile Include="$(MainSource)">
            <MainSource>MainSource</MainSource>
        </DelphiCompile>
        <DCCReference Include="TestUploaderUnit.pas">
            <Form>FTestUploader</Form>
        </DCCReference>
        <BuildConfiguration Include="Debug">
            <Key>Cfg_2</Key>
            <CfgParent>Base</CfgParent>
        </BuildConfiguration>
        <BuildConfiguration Include="Base">
            <Key>Base</Key>
        </BuildConfiguration>
        <BuildConfiguration Include="Release">
            <Key>Cfg_1</Key>
            <CfgParent>Base</CfgParent>
        </BuildConfiguration>
    </ItemGroup>
    <ProjectExtensions>
        <Borland.Personality>Delphi.Personality.12</Borland.Personality>
        <Borland.ProjectType/>
        <BorlandProject>
            <Delphi.Personality>
                <Source>
                    <Source Name="MainSource">TestUploader.dpr</Source>
                </Source>
                <VersionInfo>
                    <VersionInfo Name="IncludeVerInfo">False</VersionInfo>
                    <VersionInfo Name="AutoIncBuild">False</VersionInfo>
                    <VersionInfo Name="MajorVer">1</VersionInfo>
                    <VersionInfo Name="MinorVer">0</VersionInfo>
                    <VersionInfo Name="Release">0</VersionInfo>
                    <VersionInfo Name="Build">0</VersionInfo>
                    <VersionInfo Name="Debug">False</VersionInfo>
                    <VersionInfo Name="PreRelease">False</VersionInfo>
                    <VersionInfo Name="Special">False</VersionInfo>
                    <VersionInfo Name="Private">False</VersionInfo>
                    <VersionInfo Name="DLL">False</VersionInfo>
                    <VersionInfo Name="Locale">1049</VersionInfo>
                    <VersionInfo Name="CodePage">1251</VersionInfo>
                </VersionInfo>
                <VersionInfoKeys>
                    <VersionInfoKeys Name="CompanyName"/>
                    <VersionInfoKeys Name="FileDescription"/>
                    <VersionInfoKeys Name="FileVersion">1.0.0.0</VersionInfoKeys>
                    <VersionInfoKeys Name="InternalName"/>
                    <VersionInfoKeys Name="LegalCopyright"/>
                    <VersionInfoKeys Name="LegalTrademarks"/>
                    <VersionInfoKeys Name="OriginalFilename"/>
                    <VersionInfoKeys Name="ProductName"/>
                    <VersionInfoKeys Name="ProductVersion">1.0.0.0</VersionInfoKeys>
                    <VersionInfoKeys Name="Comments"/>
                </VersionInfoKeys>
                <Excluded_Packages>
                    <Excluded_Packages Name="D:\Work_Kova\Documents\DevExpress VCL\Library\RS17\dcldxADOServerModeRS17.bpl">ADO Data Source for ExpressDataController Server Mode by Developer Express Inc.</Excluded_Packages>
                    <Excluded_Packages Name="D:\Work_Kova\Documents\DevExpress VCL\Library\RS17\dcldxmdsRS17.bpl">ExpressMemData by Developer Express Inc.</Excluded_Packages>
                    <Excluded_Packages Name="D:\Work_Kova\Documents\DevExpress VCL\Library\RS17\dcldxBarDBNavRS17.bpl">ExpressBars DBNavigator by Developer Express Inc.</Excluded_Packages>
                    <Excluded_Packages Name="D:\Work_Kova\Documents\DevExpress VCL\Library\RS17\dclcxBarEditItemRS17.bpl">ExpressBars cxEditor item by Developer Express Inc.</Excluded_Packages>
                    <Excluded_Packages Name="D:\Work_Kova\Documents\DevExpress VCL\Library\RS17\dclcxPageControldxBarPopupMenuRS17.bpl">ExpressPageControl dxBar Popup Menu by Developer Express Inc.</Excluded_Packages>
                    <Excluded_Packages Name="D:\Work_Kova\Documents\DevExpress VCL\Library\RS17\dcldxTabbedMDIRS17.bpl">ExpressBars Tabbed MDI by Developer Express Inc.</Excluded_Packages>
                    <Excluded_Packages Name="$(BDSBIN)\dcloffice2k170.bpl">Microsoft Office 2000 Sample Automation Server Wrapper Components</Excluded_Packages>
                    <Excluded_Packages Name="$(BDSBIN)\dclofficexp170.bpl">Microsoft Office XP Sample Automation Server Wrapper Components</Excluded_Packages>
                </Excluded_Packages>
            </Delphi.Personality>
            <Platforms>
                <Platform value="Win32">True</Platform>
                <Platform value="Win64">False</Platform>
            </Platforms>
        </BorlandProject>
        <ProjectFileVersion>12</ProjectFileVersion>
    </ProjectExtensions>
    <Import Project="$(BDS)\Bin\CodeGear.Delphi.Targets" Condition="Exists('$(BDS)\Bin\CodeGear.Delphi.Targets')"/>
    <Import Project="$(APPDATA)\Embarcadero\$(BDSAPPDATABASEDIR)\$(PRODUCTVERSION)\UserTools.proj" Condition="Exists('$(APPDATA)\Embarcadero\$(BDSAPPDATABASEDIR)\$(PRODUCTVERSION)\UserTools.proj')"/>
</Project>
